
Microsoft Visual Studio Solution File, Format Version 12.00
# Visual Studio Version 17
VisualStudioVersion = 17.3.32922.545
MinimumVisualStudioVersion = 10.0.40219.1
Project("{9A19103F-16F7-4668-BE54-9A1E7A4F7556}") = "GerenciadorDeContas", "GerenciadorDeContas\GerenciadorDeContas.csproj", "{D8E9D8D1-2F93-4616-BE12-86C90D9B28F9}"
EndProject
Project("{FAE04EC0-301F-11D3-BF4B-00C04F79EFBC}") = "GerenciadorDeContas.UnitTests", "GerenciadorDeContas.UnitTests\GerenciadorDeContas.UnitTests.csproj", "{9C74ADEC-224A-46BB-A593-455A61EB2CAC}"
EndProject
Global
	GlobalSection(SolutionConfigurationPlatforms) = preSolution
		Debug|Any CPU = Debug|Any CPU
		Release|Any CPU = Release|Any CPU
	EndGlobalSection
	GlobalSection(ProjectConfigurationPlatforms) = postSolution
		{D8E9D8D1-2F93-4616-BE12-86C90D9B28F9}.Debug|Any CPU.ActiveCfg = Debug|Any CPU
		{D8E9D8D1-2F93-4616-BE12-86C90D9B28F9}.Debug|Any CPU.Build.0 = Debug|Any CPU
		{D8E9D8D1-2F93-4616-BE12-86C90D9B28F9}.Release|Any CPU.ActiveCfg = Release|Any CPU
		{D8E9D8D1-2F93-4616-BE12-86C90D9B28F9}.Release|Any CPU.Build.0 = Release|Any CPU
		{9C74ADEC-224A-46BB-A593-455A61EB2CAC}.Debug|Any CPU.ActiveCfg = Debug|Any CPU
		{9C74ADEC-224A-46BB-A593-455A61EB2CAC}.Debug|Any CPU.Build.0 = Debug|Any CPU
		{9C74ADEC-224A-46BB-A593-455A61EB2CAC}.Release|Any CPU.ActiveCfg = Release|Any CPU
		{9C74ADEC-224A-46BB-A593-455A61EB2CAC}.Release|Any CPU.Build.0 = Release|Any CPU
	EndGlobalSection
	GlobalSection(SolutionProperties) = preSolution
		HideSolutionNode = FALSE
	EndGlobalSection
	GlobalSection(ExtensibilityGlobals) = postSolution
		SolutionGuid = {249CC256-FAA7-472A-9582-F511B314D6A0}
	EndGlobalSection
EndGlobal
